// !$*UTF8*$!
{
	archiveVersion = 1;
	classes = {
	};
	objectVersion = 51;
	objects = {

/* Begin PBXBuildFile section */
		C00B15F7B81731E06C09B2FE /* Pods_RechabalitySwift.framework in Frameworks */ = {isa = PBXBuildFile; fileRef = 4B77730C90BF4CC47367CB0F /* Pods_RechabalitySwift.framework */; };
		CBD87F6124B57BEC00470685 /* AppDelegate.swift in Sources */ = {isa = PBXBuildFile; fileRef = CBD87F6024B57BEC00470685 /* AppDelegate.swift */; };
		CBD87F6324B57BEC00470685 /* SceneDelegate.swift in Sources */ = {isa = PBXBuildFile; fileRef = CBD87F6224B57BEC00470685 /* SceneDelegate.swift */; };
		CBD87F6524B57BEC00470685 /* ViewController.swift in Sources */ = {isa = PBXBuildFile; fileRef = CBD87F6424B57BEC00470685 /* ViewController.swift */; };
		CBD87F6824B57BEC00470685 /* Main.storyboard in Resources */ = {isa = PBXBuildFile; fileRef = CBD87F6624B57BEC00470685 /* Main.storyboard */; };
		CBD87F6A24B57BF200470685 /* Assets.xcassets in Resources */ = {isa = PBXBuildFile; fileRef = CBD87F6924B57BF200470685 /* Assets.xcassets */; };
		CBD87F6D24B57BF200470685 /* LaunchScreen.storyboard in Resources */ = {isa = PBXBuildFile; fileRef = CBD87F6B24B57BF200470685 /* LaunchScreen.storyboard */; };
		CBD87F7524B57E0E00470685 /* Connection.swift in Sources */ = {isa = PBXBuildFile; fileRef = CBD87F7424B57E0E00470685 /* Connection.swift */; };
		CBD87F7724B5806D00470685 /* OfflineViewController.swift in Sources */ = {isa = PBXBuildFile; fileRef = CBD87F7624B5806D00470685 /* OfflineViewController.swift */; };
/* End PBXBuildFile section */

/* Begin PBXFileReference section */
		18A2DB43B54CD873EA3B667A /* Pods-RechabalitySwift.release.xcconfig */ = {isa = PBXFileReference; includeInIndex = 1; lastKnownFileType = text.xcconfig; name = "Pods-RechabalitySwift.release.xcconfig"; path = "Target Support Files/Pods-RechabalitySwift/Pods-RechabalitySwift.release.xcconfig"; sourceTree = "<group>"; };
		4B77730C90BF4CC47367CB0F /* Pods_RechabalitySwift.framework */ = {isa = PBXFileReference; explicitFileType = wrapper.framework; includeInIndex = 0; path = Pods_RechabalitySwift.framework; sourceTree = BUILT_PRODUCTS_DIR; };
		91D22FC0FF3045505B916163 /* Pods-RechabalitySwift.debug.xcconfig */ = {isa = PBXFileReference; includeInIndex = 1; lastKnownFileType = text.xcconfig; name = "Pods-RechabalitySwift.debug.xcconfig"; path = "Target Support Files/Pods-RechabalitySwift/Pods-RechabalitySwift.debug.xcconfig"; sourceTree = "<group>"; };
		CBD87F5D24B57BEC00470685 /* RechabalitySwift.app */ = {isa = PBXFileReference; explicitFileType = wrapper.application; includeInIndex = 0; path = RechabalitySwift.app; sourceTree = BUILT_PRODUCTS_DIR; };
		CBD87F6024B57BEC00470685 /* AppDelegate.swift */ = {isa = PBXFileReference; lastKnownFileType = sourcecode.swift; path = AppDelegate.swift; sourceTree = "<group>"; };
		CBD87F6224B57BEC00470685 /* SceneDelegate.swift */ = {isa = PBXFileReference; lastKnownFileType = sourcecode.swift; path = SceneDelegate.swift; sourceTree = "<group>"; };
		CBD87F6424B57BEC00470685 /* ViewController.swift */ = {isa = PBXFileReference; lastKnownFileType = sourcecode.swift; path = ViewController.swift; sourceTree = "<group>"; };
		CBD87F6724B57BEC00470685 /* Base */ = {isa = PBXFileReference; lastKnownFileType = file.storyboard; name = Base; path = Base.lproj/Main.storyboard; sourceTree = "<group>"; };
		CBD87F6924B57BF200470685 /* Assets.xcassets */ = {isa = PBXFileReference; lastKnownFileType = folder.assetcatalog; path = Assets.xcassets; sourceTree = "<group>"; };
		CBD87F6C24B57BF200470685 /* Base */ = {isa = PBXFileReference; lastKnownFileType = file.storyboard; name = Base; path = Base.lproj/LaunchScreen.storyboard; sourceTree = "<group>"; };
		CBD87F6E24B57BF200470685 /* Info.plist */ = {isa = PBXFileReference; lastKnownFileType = text.plist.xml; path = Info.plist; sourceTree = "<group>"; };
		CBD87F7424B57E0E00470685 /* Connection.swift */ = {isa = PBXFileReference; lastKnownFileType = sourcecode.swift; path = Connection.swift; sourceTree = "<group>"; };
		CBD87F7624B5806D00470685 /* OfflineViewController.swift */ = {isa = PBXFileReference; lastKnownFileType = sourcecode.swift; path = OfflineViewController.swift; sourceTree = "<group>"; };
/* End PBXFileReference section */

/* Begin PBXFrameworksBuildPhase section */
		CBD87F5A24B57BEC00470685 /* Frameworks */ = {
			isa = PBXFrameworksBuildPhase;
			buildActionMask = 2147483647;
			files = (
				C00B15F7B81731E06C09B2FE /* Pods_RechabalitySwift.framework in Frameworks */,
			);
			runOnlyForDeploymentPostprocessing = 0;
		};
/* End PBXFrameworksBuildPhase section */

/* Begin PBXGroup section */
		232FB68A5281C436E3C3F592 /* Frameworks */ = {
			isa = PBXGroup;
			children = (
				4B77730C90BF4CC47367CB0F /* Pods_RechabalitySwift.framework */,
			);
			name = Frameworks;
			sourceTree = "<group>";
		};
		CBD87F5424B57BEB00470685 = {
			isa = PBXGroup;
			children = (
				CBD87F5F24B57BEC00470685 /* RechabalitySwift */,
				CBD87F5E24B57BEC00470685 /* Products */,
				D9EC27A6141E3A2FBA8396C1 /* Pods */,
				232FB68A5281C436E3C3F592 /* Frameworks */,
			);
			sourceTree = "<group>";
		};
		CBD87F5E24B57BEC00470685 /* Products */ = {
			isa = PBXGroup;
			children = (
				CBD87F5D24B57BEC00470685 /* RechabalitySwift.app */,
			);
			name = Products;
			sourceTree = "<group>";
		};
		CBD87F5F24B57BEC00470685 /* RechabalitySwift */ = {
			isa = PBXGroup;
			children = (
				CBD87F6024B57BEC00470685 /* AppDelegate.swift */,
				CBD87F6224B57BEC00470685 /* SceneDelegate.swift */,
				CBD87F6424B57BEC00470685 /* ViewController.swift */,
				CBD87F6624B57BEC00470685 /* Main.storyboard */,
				CBD87F6924B57BF200470685 /* Assets.xcassets */,
				CBD87F6B24B57BF200470685 /* LaunchScreen.storyboard */,
				CBD87F6E24B57BF200470685 /* Info.plist */,
				CBD87F7424B57E0E00470685 /* Connection.swift */,
				CBD87F7624B5806D00470685 /* OfflineViewController.swift */,
			);
			path = RechabalitySwift;
			sourceTree = "<group>";
		};
		D9EC27A6141E3A2FBA8396C1 /* Pods */ = {
			isa = PBXGroup;
			children = (
				91D22FC0FF3045505B916163 /* Pods-RechabalitySwift.debug.xcconfig */,
				18A2DB43B54CD873EA3B667A /* Pods-RechabalitySwift.release.xcconfig */,
			);
			path = Pods;
			sourceTree = "<group>";
		};
/* End PBXGroup section */

/* Begin PBXNativeTarget section */
		CBD87F5C24B57BEC00470685 /* RechabalitySwift */ = {
			isa = PBXNativeTarget;
			buildConfigurationList = CBD87F7124B57BF200470685 /* Build configuration list for PBXNativeTarget "RechabalitySwift" */;
			buildPhases = (
				8FFDB83355C0C3A043DB2B50 /* [CP] Check Pods Manifest.lock */,
				CBD87F5924B57BEC00470685 /* Sources */,
				CBD87F5A24B57BEC00470685 /* Frameworks */,
				CBD87F5B24B57BEC00470685 /* Resources */,
				2DD353072680DBCDC63C9802 /* [CP] Embed Pods Frameworks */,
			);
			buildRules = (
			);
			dependencies = (
			);
			name = RechabalitySwift;
			productName = RechabalitySwift;
			productReference = CBD87F5D24B57BEC00470685 /* RechabalitySwift.app */;
			productType = "com.apple.product-type.application";
		};
/* End PBXNativeTarget section */

/* Begin PBXProject section */
		CBD87F5524B57BEB00470685 /* Project object */ = {
			isa = PBXProject;
			attributes = {
				LastSwiftUpdateCheck = 1140;
				LastUpgradeCheck = 1140;
				ORGANIZATIONNAME = "Nikhil Balne";
				TargetAttributes = {
					CBD87F5C24B57BEC00470685 = {
						CreatedOnToolsVersion = 11.4;
					};
				};
			};
			buildConfigurationList = CBD87F5824B57BEB00470685 /* Build configuration list for PBXProject "RechabalitySwift" */;
			compatibilityVersion = "Xcode 9.3";
			developmentRegion = en;
			hasScannedForEncodings = 0;
			knownRegions = (
				en,
				Base,
			);
			mainGroup = CBD87F5424B57BEB00470685;
			productRefGroup = CBD87F5E24B57BEC00470685 /* Products */;
			projectDirPath = "";
			projectRoot = "";
			targets = (
				CBD87F5C24B57BEC00470685 /* RechabalitySwift */,
			);
		};
/* End PBXProject section */

/* Begin PBXResourcesBuildPhase section */
		CBD87F5B24B57BEC00470685 /* Resources */ = {
			isa = PBXResourcesBuildPhase;
			buildActionMask = 2147483647;
			files = (
				CBD87F6D24B57BF200470685 /* LaunchScreen.storyboard in Resources */,
				CBD87F6A24B57BF200470685 /* Assets.xcassets in Resources */,
				CBD87F6824B57BEC00470685 /* Main.storyboard in Resources */,
			);
			runOnlyForDeploymentPostprocessing = 0;
		};
/* End PBXResourcesBuildPhase section */

/* Begin PBXShellScriptBuildPhase section */
		2DD353072680DBCDC63C9802 /* [CP] Embed Pods Frameworks */ = {
			isa = PBXShellScriptBuildPhase;
			buildActionMask = 2147483647;
			files = (
			);
			inputFileListPaths = (
				"${PODS_ROOT}/Target Support Files/Pods-RechabalitySwift/Pods-RechabalitySwift-frameworks-${CONFIGURATION}-input-files.xcfilelist",
			);
			name = "[CP] Embed Pods Frameworks";
			outputFileListPaths = (
				"${PODS_ROOT}/Target Support Files/Pods-RechabalitySwift/Pods-RechabalitySwift-frameworks-${CONFIGURATION}-output-files.xcfilelist",
			);
			runOnlyForDeploymentPostprocessing = 0;
			shellPath = /bin/sh;
			shellScript = "\"${PODS_ROOT}/Target Support Files/Pods-RechabalitySwift/Pods-RechabalitySwift-frameworks.sh\"\n";
			showEnvVarsInLog = 0;
		};
		8FFDB83355C0C3A043DB2B50 /* [CP] Check Pods Manifest.lock */ = {
			isa = PBXShellScriptBuildPhase;
			buildActionMask = 2147483647;
			files = (
			);
			inputFileListPaths = (
			);
			inputPaths = (
				"${PODS_PODFILE_DIR_PATH}/Podfile.lock",
				"${PODS_ROOT}/Manifest.lock",
			);
			name = "[CP] Check Pods Manifest.lock";
			outputFileListPaths = (
			);
			outputPaths = (
				"$(DERIVED_FILE_DIR)/Pods-RechabalitySwift-checkManifestLockResult.txt",
			);
			runOnlyForDeploymentPostprocessing = 0;
			shellPath = /bin/sh;
			shellScript = "diff \"${PODS_PODFILE_DIR_PATH}/Podfile.lock\" \"${PODS_ROOT}/Manifest.lock\" > /dev/null\nif [ $? != 0 ] ; then\n    # print error to STDERR\n    echo \"error: The sandbox is not in sync with the Podfile.lock. Run 'pod install' or update your CocoaPods installation.\" >&2\n    exit 1\nfi\n# This output is used by Xcode 'outputs' to avoid re-running this script phase.\necho \"SUCCESS\" > \"${SCRIPT_OUTPUT_FILE_0}\"\n";
			showEnvVarsInLog = 0;
		};
/* End PBXShellScriptBuildPhase section */

/* Begin PBXSourcesBuildPhase section */
		CBD87F5924B57BEC00470685 /* Sources */ = {
			isa = PBXSourcesBuildPhase;
			buildActionMask = 2147483647;
			files = (
				CBD87F6524B57BEC00470685 /* ViewController.swift in Sources */,
				CBD87F6124B57BEC00470685 /* AppDelegate.swift in Sources */,
				CBD87F6324B57BEC00470685 /* SceneDelegate.swift in Sources */,
				CBD87F7524B57E0E00470685 /* Connection.swift in Sources */,
				CBD87F7724B5806D00470685 /* OfflineViewController.swift in Sources */,
			);
			runOnlyForDeploymentPostprocessing = 0;
		};
/* End PBXSourcesBuildPhase section */

/* Begin PBXVariantGroup section */
		CBD87F6624B57BEC00470685 /* Main.storyboard */ = {
			isa = PBXVariantGroup;
			children = (
				CBD87F6724B57BEC00470685 /* Base */,
			);
			name = Main.storyboard;
			sourceTree = "<group>";
		};
		CBD87F6B24B57BF200470685 /* LaunchScreen.storyboard */ = {
			isa = PBXVariantGroup;
			children = (
				CBD87F6C24B57BF200470685 /* Base */,
			);
			name = LaunchScreen.storyboard;
			sourceTree = "<group>";
		};
/* End PBXVariantGroup section */

/* Begin XCBuildConfiguration section */
		CBD87F6F24B57BF200470685 /* Debug */ = {
			isa = XCBuildConfiguration;
			buildSettings = {
				ALWAYS_SEARCH_USER_PATHS = NO;
				CLANG_ANALYZER_NONNULL = YES;
				CLANG_ANALYZER_NUMBER_OBJECT_CONVERSION = YES_AGGRESSIVE;
				CLANG_CXX_LANGUAGE_STANDARD = "gnu++14";
				CLANG_CXX_LIBRARY = "libc++";
				CLANG_ENABLE_MODULES = YES;
				CLANG_ENABLE_OBJC_ARC = YES;
				CLANG_ENABLE_OBJC_WEAK = YES;
				CLANG_WARN_BLOCK_CAPTURE_AUTORELEASING = YES;
				CLANG_WARN_BOOL_CONVERSION = YES;
				CLANG_WARN_COMMA = YES;
				CLANG_WARN_CONSTANT_CONVERSION = YES;
				CLANG_WARN_DEPRECATED_OBJC_IMPLEMENTATIONS = YES;
				CLANG_WARN_DIRECT_OBJC_ISA_USAGE = YES_ERROR;
				CLANG_WARN_DOCUMENTATION_COMMENTS = YES;
				CLANG_WARN_EMPTY_BODY = YES;
				CLANG_WARN_ENUM_CONVERSION = YES;
				CLANG_WARN_INFINITE_RECURSION = YES;
				CLANG_WARN_INT_CONVERSION = YES;
				CLANG_WARN_NON_LITERAL_NULL_CONVERSION = YES;
				CLANG_WARN_OBJC_IMPLICIT_RETAIN_SELF = YES;
				CLANG_WARN_OBJC_LITERAL_CONVERSION = YES;
				CLANG_WARN_OBJC_ROOT_CLASS = YES_ERROR;
				CLANG_WARN_RANGE_LOOP_ANALYSIS = YES;
				CLANG_WARN_STRICT_PROTOTYPES = YES;
				CLANG_WARN_SUSPICIOUS_MOVE = YES;
				CLANG_WARN_UNGUARDED_AVAILABILITY = YES_AGGRESSIVE;
				CLANG_WARN_UNREACHABLE_CODE = YES;
				CLANG_WARN__DUPLICATE_METHOD_MATCH = YES;
				COPY_PHASE_STRIP = NO;
				DEBUG_INFORMATION_FORMAT = dwarf;
				ENABLE_STRICT_OBJC_MSGSEND = YES;
				ENABLE_TESTABILITY = YES;
				GCC_C_LANGUAGE_STANDARD = gnu11;
				GCC_DYNAMIC_NO_PIC = NO;
				GCC_NO_COMMON_BLOCKS = YES;
				GCC_OPTIMIZATION_LEVEL = 0;
				GCC_PREPROCESSOR_DEFINITIONS = (
					"DEBUG=1",
					"$(inherited)",
				);
				GCC_WARN_64_TO_32_BIT_CONVERSION = YES;
				GCC_WARN_ABOUT_RETURN_TYPE = YES_ERROR;
				GCC_WARN_UNDECLARED_SELECTOR = YES;
				GCC_WARN_UNINITIALIZED_AUTOS = YES_AGGRESSIVE;
				GCC_WARN_UNUSED_FUNCTION = YES;
				GCC_WARN_UNUSED_VARIABLE = YES;
				IPHONEOS_DEPLOYMENT_TARGET = 13.4;
				MTL_ENABLE_DEBUG_INFO = INCLUDE_SOURCE;
				MTL_FAST_MATH = YES;
				ONLY_ACTIVE_ARCH = YES;
				SDKROOT = iphoneos;
				SWIFT_ACTIVE_COMPILATION_CONDITIONS = DEBUG;
				SWIFT_OPTIMIZATION_LEVEL = "-Onone";
			};
			name = Debug;
		};
		CBD87F7024B57BF200470685 /* Release */ = {
			isa = XCBuildConfiguration;
			buildSettings = {
				ALWAYS_SEARCH_USER_PATHS = NO;
				CLANG_ANALYZER_NONNULL = YES;
				CLANG_ANALYZER_NUMBER_OBJECT_CONVERSION = YES_AGGRESSIVE;
				CLANG_CXX_LANGUAGE_STANDARD = "gnu++14";
				CLANG_CXX_LIBRARY = "libc++";
				CLANG_ENABLE_MODULES = YES;
				CLANG_ENABLE_OBJC_ARC = YES;
				CLANG_ENABLE_OBJC_WEAK = YES;
				CLANG_WARN_BLOCK_CAPTURE_AUTORELEASING = YES;
				CLANG_WARN_BOOL_CONVERSION = YES;
				CLANG_WARN_COMMA = YES;
				CLANG_WARN_CONSTANT_CONVERSION = YES;
				CLANG_WARN_DEPRECATED_OBJC_IMPLEMENTATIONS = YES;
				CLANG_WARN_DIRECT_OBJC_ISA_USAGE = YES_ERROR;
				CLANG_WARN_DOCUMENTATION_COMMENTS = YES;
				CLANG_WARN_EMPTY_BODY = YES;
				CLANG_WARN_ENUM_CONVERSION = YES;
				CLANG_WARN_INFINITE_RECURSION = YES;
				CLANG_WARN_INT_CONVERSION = YES;
				CLANG_WARN_NON_LITERAL_NULL_CONVERSION = YES;
				CLANG_WARN_OBJC_IMPLICIT_RETAIN_SELF = YES;
				CLANG_WARN_OBJC_LITERAL_CONVERSION = YES;
				CLANG_WARN_OBJC_ROOT_CLASS = YES_ERROR;
				CLANG_WARN_RANGE_LOOP_ANALYSIS = YES;
				CLANG_WARN_STRICT_PROTOTYPES = YES;
				CLANG_WARN_SUSPICIOUS_MOVE = YES;
				CLANG_WARN_UNGUARDED_AVAILABILITY = YES_AGGRESSIVE;
				CLANG_WARN_UNREACHABLE_CODE = YES;
				CLANG_WARN__DUPLICATE_METHOD_MATCH = YES;
				COPY_PHASE_STRIP = NO;
				DEBUG_INFORMATION_FORMAT = "dwarf-with-dsym";
				ENABLE_NS_ASSERTIONS = NO;
				ENABLE_STRICT_OBJC_MSGSEND = YES;
				GCC_C_LANGUAGE_STANDARD = gnu11;
				GCC_NO_COMMON_BLOCKS = YES;
				GCC_WARN_64_TO_32_BIT_CONVERSION = YES;
				GCC_WARN_ABOUT_RETURN_TYPE = YES_ERROR;
				GCC_WARN_UNDECLARED_SELECTOR = YES;
				GCC_WARN_UNINITIALIZED_AUTOS = YES_AGGRESSIVE;
				GCC_WARN_UNUSED_FUNCTION = YES;
				GCC_WARN_UNUSED_VARIABLE = YES;
				IPHONEOS_DEPLOYMENT_TARGET = 13.4;
				MTL_ENABLE_DEBUG_INFO = NO;
				MTL_FAST_MATH = YES;
				SDKROOT = iphoneos;
				SWIFT_COMPILATION_MODE = wholemodule;
				SWIFT_OPTIMIZATION_LEVEL = "-O";
				VALIDATE_PRODUCT = YES;
			};
			name = Release;
		};
		CBD87F7224B57BF200470685 /* Debug */ = {
			isa = XCBuildConfiguration;
			baseConfigurationReference = 91D22FC0FF3045505B916163 /* Pods-RechabalitySwift.debug.xcconfig */;
			buildSettings = {
				ASSETCATALOG_COMPILER_APPICON_NAME = AppIcon;
				CODE_SIGN_STYLE = Automatic;
				INFOPLIST_FILE = RechabalitySwift/Info.plist;
				LD_RUNPATH_SEARCH_PATHS = (
					"$(inherited)",
					"@executable_path/Frameworks",
				);
				PRODUCT_BUNDLE_IDENTIFIER = ihubtechnologies.RechabalitySwift;
				PRODUCT_NAME = "$(TARGET_NAME)";
				SWIFT_VERSION = 5.0;
				TARGETED_DEVICE_FAMILY = "1,2";
			};
			name = Debug;
		};
		CBD87F7324B57BF200470685 /* Release */ = {
			isa = XCBuildConfiguration;
			baseConfigurationReference = 18A2DB43B54CD873EA3B667A /* Pods-RechabalitySwift.release.xcconfig */;
			buildSettings = {
				ASSETCATALOG_COMPILER_APPICON_NAME = AppIcon;
				CODE_SIGN_STYLE = Automatic;
				INFOPLIST_FILE = RechabalitySwift/Info.plist;
				LD_RUNPATH_SEARCH_PATHS = (
					"$(inherited)",
					"@executable_path/Frameworks",
				);
				PRODUCT_BUNDLE_IDENTIFIER = ihubtechnologies.RechabalitySwift;
				PRODUCT_NAME = "$(TARGET_NAME)";
				SWIFT_VERSION = 5.0;
				TARGETED_DEVICE_FAMILY = "1,2";
			};
			name = Release;
		};
/* End XCBuildConfiguration section */

/* Begin XCConfigurationList section */
		CBD87F5824B57BEB00470685 /* Build configuration list for PBXProject "RechabalitySwift" */ = {
			isa = XCConfigurationList;
			buildConfigurations = (
				CBD87F6F24B57BF200470685 /* Debug */,
				CBD87F7024B57BF200470685 /* Release */,
			);
			defaultConfigurationIsVisible = 0;
			defaultConfigurationName = Release;
		};
		CBD87F7124B57BF200470685 /* Build configuration list for PBXNativeTarget "RechabalitySwift" */ = {
			isa = XCConfigurationList;
			buildConfigurations = (
				CBD87F7224B57BF200470685 /* Debug */,
				CBD87F7324B57BF200470685 /* Release */,
			);
			defaultConfigurationIsVisible = 0;
			defaultConfigurationName = Release;
		};
/* End XCConfigurationList section */
	};
	rootObject = CBD87F5524B57BEB00470685 /* Project object */;
}
